// !$*UTF8*$!
{
	archiveVersion = 1;
	classes = {
	};
	objectVersion = 55;
	objects = {

/* Begin PBXBuildFile section */
		CF01416B27FF4C3F0096A791 /* ImagePicker.swift in Sources */ = {isa = PBXBuildFile; fileRef = CF01416A27FF4C3F0096A791 /* ImagePicker.swift */; };
		CF01416D27FF5B740096A791 /* ImageMod.swift in Sources */ = {isa = PBXBuildFile; fileRef = CF01416C27FF5B740096A791 /* ImageMod.swift */; };
		CF21752227FC5BF500822A56 /* MC1App.swift in Sources */ = {isa = PBXBuildFile; fileRef = CF21752127FC5BF500822A56 /* MC1App.swift */; };
		CF21752427FC5BF500822A56 /* ContentView.swift in Sources */ = {isa = PBXBuildFile; fileRef = CF21752327FC5BF500822A56 /* ContentView.swift */; };
		CF21752627FC5BF500822A56 /* Assets.xcassets in Resources */ = {isa = PBXBuildFile; fileRef = CF21752527FC5BF500822A56 /* Assets.xcassets */; };
		CF21752927FC5BF500822A56 /* Preview Assets.xcassets in Resources */ = {isa = PBXBuildFile; fileRef = CF21752827FC5BF500822A56 /* Preview Assets.xcassets */; };
		CF21753327FC5BF500822A56 /* MC1Tests.swift in Sources */ = {isa = PBXBuildFile; fileRef = CF21753227FC5BF500822A56 /* MC1Tests.swift */; };
		CF21753D27FC5BF500822A56 /* MC1UITests.swift in Sources */ = {isa = PBXBuildFile; fileRef = CF21753C27FC5BF500822A56 /* MC1UITests.swift */; };
		CF21753F27FC5BF500822A56 /* MC1UITestsLaunchTests.swift in Sources */ = {isa = PBXBuildFile; fileRef = CF21753E27FC5BF500822A56 /* MC1UITestsLaunchTests.swift */; };
		CF21755027FCB46500822A56 /* Tempmain.swift in Sources */ = {isa = PBXBuildFile; fileRef = CF21754F27FCB46500822A56 /* Tempmain.swift */; };
		CF936D8C2803210C00C6E272 /* Encoding.swift in Sources */ = {isa = PBXBuildFile; fileRef = CF936D8B2803210C00C6E272 /* Encoding.swift */; };
/* End PBXBuildFile section */

/* Begin PBXContainerItemProxy section */
		CF21752F27FC5BF500822A56 /* PBXContainerItemProxy */ = {
			isa = PBXContainerItemProxy;
			containerPortal = CF21751627FC5BF500822A56 /* Project object */;
			proxyType = 1;
			remoteGlobalIDString = CF21751D27FC5BF500822A56;
			remoteInfo = MC1;
		};
		CF21753927FC5BF500822A56 /* PBXContainerItemProxy */ = {
			isa = PBXContainerItemProxy;
			containerPortal = CF21751627FC5BF500822A56 /* Project object */;
			proxyType = 1;
			remoteGlobalIDString = CF21751D27FC5BF500822A56;
			remoteInfo = MC1;
		};
/* End PBXContainerItemProxy section */

/* Begin PBXFileReference section */
		CF01416A27FF4C3F0096A791 /* ImagePicker.swift */ = {isa = PBXFileReference; lastKnownFileType = sourcecode.swift; path = ImagePicker.swift; sourceTree = "<group>"; };
		CF01416C27FF5B740096A791 /* ImageMod.swift */ = {isa = PBXFileReference; lastKnownFileType = sourcecode.swift; path = ImageMod.swift; sourceTree = "<group>"; };
		CF21751E27FC5BF500822A56 /* MC1.app */ = {isa = PBXFileReference; explicitFileType = wrapper.application; includeInIndex = 0; path = MC1.app; sourceTree = BUILT_PRODUCTS_DIR; };
		CF21752127FC5BF500822A56 /* MC1App.swift */ = {isa = PBXFileReference; lastKnownFileType = sourcecode.swift; path = MC1App.swift; sourceTree = "<group>"; };
		CF21752327FC5BF500822A56 /* ContentView.swift */ = {isa = PBXFileReference; lastKnownFileType = sourcecode.swift; path = ContentView.swift; sourceTree = "<group>"; };
		CF21752527FC5BF500822A56 /* Assets.xcassets */ = {isa = PBXFileReference; lastKnownFileType = folder.assetcatalog; path = Assets.xcassets; sourceTree = "<group>"; };
		CF21752827FC5BF500822A56 /* Preview Assets.xcassets */ = {isa = PBXFileReference; lastKnownFileType = folder.assetcatalog; path = "Preview Assets.xcassets"; sourceTree = "<group>"; };
		CF21752E27FC5BF500822A56 /* MC1Tests.xctest */ = {isa = PBXFileReference; explicitFileType = wrapper.cfbundle; includeInIndex = 0; path = MC1Tests.xctest; sourceTree = BUILT_PRODUCTS_DIR; };
		CF21753227FC5BF500822A56 /* MC1Tests.swift */ = {isa = PBXFileReference; lastKnownFileType = sourcecode.swift; path = MC1Tests.swift; sourceTree = "<group>"; };
		CF21753827FC5BF500822A56 /* MC1UITests.xctest */ = {isa = PBXFileReference; explicitFileType = wrapper.cfbundle; includeInIndex = 0; path = MC1UITests.xctest; sourceTree = BUILT_PRODUCTS_DIR; };
		CF21753C27FC5BF500822A56 /* MC1UITests.swift */ = {isa = PBXFileReference; lastKnownFileType = sourcecode.swift; path = MC1UITests.swift; sourceTree = "<group>"; };
		CF21753E27FC5BF500822A56 /* MC1UITestsLaunchTests.swift */ = {isa = PBXFileReference; lastKnownFileType = sourcecode.swift; path = MC1UITestsLaunchTests.swift; sourceTree = "<group>"; };
		CF21754F27FCB46500822A56 /* Tempmain.swift */ = {isa = PBXFileReference; lastKnownFileType = sourcecode.swift; path = Tempmain.swift; sourceTree = "<group>"; };
		CF936D8B2803210C00C6E272 /* Encoding.swift */ = {isa = PBXFileReference; lastKnownFileType = sourcecode.swift; path = Encoding.swift; sourceTree = "<group>"; };
/* End PBXFileReference section */

/* Begin PBXFrameworksBuildPhase section */
		CF21751B27FC5BF500822A56 /* Frameworks */ = {
			isa = PBXFrameworksBuildPhase;
			buildActionMask = 2147483647;
			files = (
			);
			runOnlyForDeploymentPostprocessing = 0;
		};
		CF21752B27FC5BF500822A56 /* Frameworks */ = {
			isa = PBXFrameworksBuildPhase;
			buildActionMask = 2147483647;
			files = (
			);
			runOnlyForDeploymentPostprocessing = 0;
		};
		CF21753527FC5BF500822A56 /* Frameworks */ = {
			isa = PBXFrameworksBuildPhase;
			buildActionMask = 2147483647;
			files = (
			);
			runOnlyForDeploymentPostprocessing = 0;
		};
/* End PBXFrameworksBuildPhase section */

/* Begin PBXGroup section */
		CF21751527FC5BF500822A56 = {
			isa = PBXGroup;
			children = (
				CF21752027FC5BF500822A56 /* MC1 */,
				CF21753127FC5BF500822A56 /* MC1Tests */,
				CF21753B27FC5BF500822A56 /* MC1UITests */,
				CF21751F27FC5BF500822A56 /* Products */,
			);
			sourceTree = "<group>";
		};
		CF21751F27FC5BF500822A56 /* Products */ = {
			isa = PBXGroup;
			children = (
				CF21751E27FC5BF500822A56 /* MC1.app */,
				CF21752E27FC5BF500822A56 /* MC1Tests.xctest */,
				CF21753827FC5BF500822A56 /* MC1UITests.xctest */,
			);
			name = Products;
			sourceTree = "<group>";
		};
		CF21752027FC5BF500822A56 /* MC1 */ = {
			isa = PBXGroup;
			children = (
				CF21754F27FCB46500822A56 /* Tempmain.swift */,
				CF21752127FC5BF500822A56 /* MC1App.swift */,
				CF21752327FC5BF500822A56 /* ContentView.swift */,
				CF21752527FC5BF500822A56 /* Assets.xcassets */,
				CF21752727FC5BF500822A56 /* Preview Content */,
				CF01416A27FF4C3F0096A791 /* ImagePicker.swift */,
				CF01416C27FF5B740096A791 /* ImageMod.swift */,
				CF936D8B2803210C00C6E272 /* Encoding.swift */,
			);
			path = MC1;
			sourceTree = "<group>";
		};
		CF21752727FC5BF500822A56 /* Preview Content */ = {
			isa = PBXGroup;
			children = (
				CF21752827FC5BF500822A56 /* Preview Assets.xcassets */,
			);
			path = "Preview Content";
			sourceTree = "<group>";
		};
		CF21753127FC5BF500822A56 /* MC1Tests */ = {
			isa = PBXGroup;
			children = (
				CF21753227FC5BF500822A56 /* MC1Tests.swift */,
			);
			path = MC1Tests;
			sourceTree = "<group>";
		};
		CF21753B27FC5BF500822A56 /* MC1UITests */ = {
			isa = PBXGroup;
			children = (
				CF21753C27FC5BF500822A56 /* MC1UITests.swift */,
				CF21753E27FC5BF500822A56 /* MC1UITestsLaunchTests.swift */,
			);
			path = MC1UITests;
			sourceTree = "<group>";
		};
/* End PBXGroup section */

/* Begin PBXNativeTarget section */
		CF21751D27FC5BF500822A56 /* MC1 */ = {
			isa = PBXNativeTarget;
			buildConfigurationList = CF21754227FC5BF500822A56 /* Build configuration list for PBXNativeTarget "MC1" */;
			buildPhases = (
				CF21751A27FC5BF500822A56 /* Sources */,
				CF21751B27FC5BF500822A56 /* Frameworks */,
				CF21751C27FC5BF500822A56 /* Resources */,
			);
			buildRules = (
			);
			dependencies = (
			);
			name = MC1;
			productName = MC1;
			productReference = CF21751E27FC5BF500822A56 /* MC1.app */;
			productType = "com.apple.product-type.application";
		};
		CF21752D27FC5BF500822A56 /* MC1Tests */ = {
			isa = PBXNativeTarget;
			buildConfigurationList = CF21754527FC5BF500822A56 /* Build configuration list for PBXNativeTarget "MC1Tests" */;
			buildPhases = (
				CF21752A27FC5BF500822A56 /* Sources */,
				CF21752B27FC5BF500822A56 /* Frameworks */,
				CF21752C27FC5BF500822A56 /* Resources */,
			);
			buildRules = (
			);
			dependencies = (
				CF21753027FC5BF500822A56 /* PBXTargetDependency */,
			);
			name = MC1Tests;
			productName = MC1Tests;
			productReference = CF21752E27FC5BF500822A56 /* MC1Tests.xctest */;
			productType = "com.apple.product-type.bundle.unit-test";
		};
		CF21753727FC5BF500822A56 /* MC1UITests */ = {
			isa = PBXNativeTarget;
			buildConfigurationList = CF21754827FC5BF500822A56 /* Build configuration list for PBXNativeTarget "MC1UITests" */;
			buildPhases = (
				CF21753427FC5BF500822A56 /* Sources */,
				CF21753527FC5BF500822A56 /* Frameworks */,
				CF21753627FC5BF500822A56 /* Resources */,
			);
			buildRules = (
			);
			dependencies = (
				CF21753A27FC5BF500822A56 /* PBXTargetDependency */,
			);
			name = MC1UITests;
			productName = MC1UITests;
			productReference = CF21753827FC5BF500822A56 /* MC1UITests.xctest */;
			productType = "com.apple.product-type.bundle.ui-testing";
		};
/* End PBXNativeTarget section */

/* Begin PBXProject section */
		CF21751627FC5BF500822A56 /* Project object */ = {
			isa = PBXProject;
			attributes = {
				BuildIndependentTargetsInParallel = 1;
				LastSwiftUpdateCheck = 1330;
				LastUpgradeCheck = 1330;
				TargetAttributes = {
					CF21751D27FC5BF500822A56 = {
						CreatedOnToolsVersion = 13.3;
					};
					CF21752D27FC5BF500822A56 = {
						CreatedOnToolsVersion = 13.3;
						TestTargetID = CF21751D27FC5BF500822A56;
					};
					CF21753727FC5BF500822A56 = {
						CreatedOnToolsVersion = 13.3;
						TestTargetID = CF21751D27FC5BF500822A56;
					};
				};
			};
			buildConfigurationList = CF21751927FC5BF500822A56 /* Build configuration list for PBXProject "MC1" */;
			compatibilityVersion = "Xcode 13.0";
			developmentRegion = en;
			hasScannedForEncodings = 0;
			knownRegions = (
				en,
				Base,
			);
			mainGroup = CF21751527FC5BF500822A56;
			productRefGroup = CF21751F27FC5BF500822A56 /* Products */;
			projectDirPath = "";
			projectRoot = "";
			targets = (
				CF21751D27FC5BF500822A56 /* MC1 */,
				CF21752D27FC5BF500822A56 /* MC1Tests */,
				CF21753727FC5BF500822A56 /* MC1UITests */,
			);
		};
/* End PBXProject section */

/* Begin PBXResourcesBuildPhase section */
		CF21751C27FC5BF500822A56 /* Resources */ = {
			isa = PBXResourcesBuildPhase;
			buildActionMask = 2147483647;
			files = (
				CF21752927FC5BF500822A56 /* Preview Assets.xcassets in Resources */,
				CF21752627FC5BF500822A56 /* Assets.xcassets in Resources */,
			);
			runOnlyForDeploymentPostprocessing = 0;
		};
		CF21752C27FC5BF500822A56 /* Resources */ = {
			isa = PBXResourcesBuildPhase;
			buildActionMask = 2147483647;
			files = (
			);
			runOnlyForDeploymentPostprocessing = 0;
		};
		CF21753627FC5BF500822A56 /* Resources */ = {
			isa = PBXResourcesBuildPhase;
			buildActionMask = 2147483647;
			files = (
			);
			runOnlyForDeploymentPostprocessing = 0;
		};
/* End PBXResourcesBuildPhase section */

/* Begin PBXSourcesBuildPhase section */
		CF21751A27FC5BF500822A56 /* Sources */ = {
			isa = PBXSourcesBuildPhase;
			buildActionMask = 2147483647;
			files = (
				CF21755027FCB46500822A56 /* Tempmain.swift in Sources */,
				CF01416B27FF4C3F0096A791 /* ImagePicker.swift in Sources */,
				CF936D8C2803210C00C6E272 /* Encoding.swift in Sources */,
				CF21752427FC5BF500822A56 /* ContentView.swift in Sources */,
				CF01416D27FF5B740096A791 /* ImageMod.swift in Sources */,
				CF21752227FC5BF500822A56 /* MC1App.swift in Sources */,
			);
			runOnlyForDeploymentPostprocessing = 0;
		};
		CF21752A27FC5BF500822A56 /* Sources */ = {
			isa = PBXSourcesBuildPhase;
			buildActionMask = 2147483647;
			files = (
				CF21753327FC5BF500822A56 /* MC1Tests.swift in Sources */,
			);
			runOnlyForDeploymentPostprocessing = 0;
		};
		CF21753427FC5BF500822A56 /* Sources */ = {
			isa = PBXSourcesBuildPhase;
			buildActionMask = 2147483647;
			files = (
				CF21753F27FC5BF500822A56 /* MC1UITestsLaunchTests.swift in Sources */,
				CF21753D27FC5BF500822A56 /* MC1UITests.swift in Sources */,
			);
			runOnlyForDeploymentPostprocessing = 0;
		};
/* End PBXSourcesBuildPhase section */

/* Begin PBXTargetDependency section */
		CF21753027FC5BF500822A56 /* PBXTargetDependency */ = {
			isa = PBXTargetDependency;
			target = CF21751D27FC5BF500822A56 /* MC1 */;
			targetProxy = CF21752F27FC5BF500822A56 /* PBXContainerItemProxy */;
		};
		CF21753A27FC5BF500822A56 /* PBXTargetDependency */ = {
			isa = PBXTargetDependency;
			target = CF21751D27FC5BF500822A56 /* MC1 */;
			targetProxy = CF21753927FC5BF500822A56 /* PBXContainerItemProxy */;
		};
/* End PBXTargetDependency section */

/* Begin XCBuildConfiguration section */
		CF21754027FC5BF500822A56 /* Debug */ = {
			isa = XCBuildConfiguration;
			buildSettings = {
				ALWAYS_SEARCH_USER_PATHS = NO;
				CLANG_ANALYZER_NONNULL = YES;
				CLANG_ANALYZER_NUMBER_OBJECT_CONVERSION = YES_AGGRESSIVE;
				CLANG_CXX_LANGUAGE_STANDARD = "gnu++17";
				CLANG_ENABLE_MODULES = YES;
				CLANG_ENABLE_OBJC_ARC = YES;
				CLANG_ENABLE_OBJC_WEAK = YES;
				CLANG_WARN_BLOCK_CAPTURE_AUTORELEASING = YES;
				CLANG_WARN_BOOL_CONVERSION = YES;
				CLANG_WARN_COMMA = YES;
				CLANG_WARN_CONSTANT_CONVERSION = YES;
				CLANG_WARN_DEPRECATED_OBJC_IMPLEMENTATIONS = YES;
				CLANG_WARN_DIRECT_OBJC_ISA_USAGE = YES_ERROR;
				CLANG_WARN_DOCUMENTATION_COMMENTS = YES;
				CLANG_WARN_EMPTY_BODY = YES;
				CLANG_WARN_ENUM_CONVERSION = YES;
				CLANG_WARN_INFINITE_RECURSION = YES;
				CLANG_WARN_INT_CONVERSION = YES;
				CLANG_WARN_NON_LITERAL_NULL_CONVERSION = YES;
				CLANG_WARN_OBJC_IMPLICIT_RETAIN_SELF = YES;
				CLANG_WARN_OBJC_LITERAL_CONVERSION = YES;
				CLANG_WARN_OBJC_ROOT_CLASS = YES_ERROR;
				CLANG_WARN_QUOTED_INCLUDE_IN_FRAMEWORK_HEADER = YES;
				CLANG_WARN_RANGE_LOOP_ANALYSIS = YES;
				CLANG_WARN_STRICT_PROTOTYPES = YES;
				CLANG_WARN_SUSPICIOUS_MOVE = YES;
				CLANG_WARN_UNGUARDED_AVAILABILITY = YES_AGGRESSIVE;
				CLANG_WARN_UNREACHABLE_CODE = YES;
				CLANG_WARN__DUPLICATE_METHOD_MATCH = YES;
				COPY_PHASE_STRIP = NO;
				DEBUG_INFORMATION_FORMAT = dwarf;
				ENABLE_STRICT_OBJC_MSGSEND = YES;
				ENABLE_TESTABILITY = YES;
				GCC_C_LANGUAGE_STANDARD = gnu11;
				GCC_DYNAMIC_NO_PIC = NO;
				GCC_NO_COMMON_BLOCKS = YES;
				GCC_OPTIMIZATION_LEVEL = 0;
				GCC_PREPROCESSOR_DEFINITIONS = (
					"DEBUG=1",
					"$(inherited)",
				);
				GCC_WARN_64_TO_32_BIT_CONVERSION = YES;
				GCC_WARN_ABOUT_RETURN_TYPE = YES_ERROR;
				GCC_WARN_UNDECLARED_SELECTOR = YES;
				GCC_WARN_UNINITIALIZED_AUTOS = YES_AGGRESSIVE;
				GCC_WARN_UNUSED_FUNCTION = YES;
				GCC_WARN_UNUSED_VARIABLE = YES;
				IPHONEOS_DEPLOYMENT_TARGET = 15.4;
				MTL_ENABLE_DEBUG_INFO = INCLUDE_SOURCE;
				MTL_FAST_MATH = YES;
				ONLY_ACTIVE_ARCH = YES;
				SDKROOT = iphoneos;
				SWIFT_ACTIVE_COMPILATION_CONDITIONS = DEBUG;
				SWIFT_OPTIMIZATION_LEVEL = "-Onone";
			};
			name = Debug;
		};
		CF21754127FC5BF500822A56 /* Release */ = {
			isa = XCBuildConfiguration;
			buildSettings = {
				ALWAYS_SEARCH_USER_PATHS = NO;
				CLANG_ANALYZER_NONNULL = YES;
				CLANG_ANALYZER_NUMBER_OBJECT_CONVERSION = YES_AGGRESSIVE;
				CLANG_CXX_LANGUAGE_STANDARD = "gnu++17";
				CLANG_ENABLE_MODULES = YES;
				CLANG_ENABLE_OBJC_ARC = YES;
				CLANG_ENABLE_OBJC_WEAK = YES;
				CLANG_WARN_BLOCK_CAPTURE_AUTORELEASING = YES;
				CLANG_WARN_BOOL_CONVERSION = YES;
				CLANG_WARN_COMMA = YES;
				CLANG_WARN_CONSTANT_CONVERSION = YES;
				CLANG_WARN_DEPRECATED_OBJC_IMPLEMENTATIONS = YES;
				CLANG_WARN_DIRECT_OBJC_ISA_USAGE = YES_ERROR;
				CLANG_WARN_DOCUMENTATION_COMMENTS = YES;
				CLANG_WARN_EMPTY_BODY = YES;
				CLANG_WARN_ENUM_CONVERSION = YES;
				CLANG_WARN_INFINITE_RECURSION = YES;
				CLANG_WARN_INT_CONVERSION = YES;
				CLANG_WARN_NON_LITERAL_NULL_CONVERSION = YES;
				CLANG_WARN_OBJC_IMPLICIT_RETAIN_SELF = YES;
				CLANG_WARN_OBJC_LITERAL_CONVERSION = YES;
				CLANG_WARN_OBJC_ROOT_CLASS = YES_ERROR;
				CLANG_WARN_QUOTED_INCLUDE_IN_FRAMEWORK_HEADER = YES;
				CLANG_WARN_RANGE_LOOP_ANALYSIS = YES;
				CLANG_WARN_STRICT_PROTOTYPES = YES;
				CLANG_WARN_SUSPICIOUS_MOVE = YES;
				CLANG_WARN_UNGUARDED_AVAILABILITY = YES_AGGRESSIVE;
				CLANG_WARN_UNREACHABLE_CODE = YES;
				CLANG_WARN__DUPLICATE_METHOD_MATCH = YES;
				COPY_PHASE_STRIP = NO;
				DEBUG_INFORMATION_FORMAT = "dwarf-with-dsym";
				ENABLE_NS_ASSERTIONS = NO;
				ENABLE_STRICT_OBJC_MSGSEND = YES;
				GCC_C_LANGUAGE_STANDARD = gnu11;
				GCC_NO_COMMON_BLOCKS = YES;
				GCC_WARN_64_TO_32_BIT_CONVERSION = YES;
				GCC_WARN_ABOUT_RETURN_TYPE = YES_ERROR;
				GCC_WARN_UNDECLARED_SELECTOR = YES;
				GCC_WARN_UNINITIALIZED_AUTOS = YES_AGGRESSIVE;
				GCC_WARN_UNUSED_FUNCTION = YES;
				GCC_WARN_UNUSED_VARIABLE = YES;
				IPHONEOS_DEPLOYMENT_TARGET = 15.4;
				MTL_ENABLE_DEBUG_INFO = NO;
				MTL_FAST_MATH = YES;
				SDKROOT = iphoneos;
				SWIFT_COMPILATION_MODE = wholemodule;
				SWIFT_OPTIMIZATION_LEVEL = "-O";
				VALIDATE_PRODUCT = YES;
			};
			name = Release;
		};
		CF21754327FC5BF500822A56 /* Debug */ = {
			isa = XCBuildConfiguration;
			buildSettings = {
				ASSETCATALOG_COMPILER_APPICON_NAME = AppIcon;
				ASSETCATALOG_COMPILER_GLOBAL_ACCENT_COLOR_NAME = AccentColor;
				CODE_SIGN_STYLE = Automatic;
				CURRENT_PROJECT_VERSION = 1;
				DEVELOPMENT_ASSET_PATHS = "\"MC1/Preview Content\"";
				DEVELOPMENT_TEAM = X7H2S2S85P;
				ENABLE_PREVIEWS = YES;
				GENERATE_INFOPLIST_FILE = YES;
				INFOPLIST_KEY_UIApplicationSceneManifest_Generation = YES;
				INFOPLIST_KEY_UIApplicationSupportsIndirectInputEvents = YES;
				INFOPLIST_KEY_UILaunchScreen_Generation = YES;
				INFOPLIST_KEY_UISupportedInterfaceOrientations_iPad = "UIInterfaceOrientationPortrait UIInterfaceOrientationPortraitUpsideDown UIInterfaceOrientationLandscapeLeft UIInterfaceOrientationLandscapeRight";
				INFOPLIST_KEY_UISupportedInterfaceOrientations_iPhone = "UIInterfaceOrientationPortrait UIInterfaceOrientationLandscapeLeft UIInterfaceOrientationLandscapeRight";
				LD_RUNPATH_SEARCH_PATHS = (
					"$(inherited)",
					"@executable_path/Frameworks",
				);
				MARKETING_VERSION = 1.0;
				PRODUCT_BUNDLE_IDENTIFIER = "Kelly-Chui.MC1";
				PRODUCT_NAME = "$(TARGET_NAME)";
				SWIFT_EMIT_LOC_STRINGS = YES;
				SWIFT_VERSION = 5.0;
				TARGETED_DEVICE_FAMILY = "1,2";
			};
			name = Debug;
		};
		CF21754427FC5BF500822A56 /* Release */ = {
			isa = XCBuildConfiguration;
			buildSettings = {
				ASSETCATALOG_COMPILER_APPICON_NAME = AppIcon;
				ASSETCATALOG_COMPILER_GLOBAL_ACCENT_COLOR_NAME = AccentColor;
				CODE_SIGN_STYLE = Automatic;
				CURRENT_PROJECT_VERSION = 1;
				DEVELOPMENT_ASSET_PATHS = "\"MC1/Preview Content\"";
				DEVELOPMENT_TEAM = X7H2S2S85P;
				ENABLE_PREVIEWS = YES;
				GENERATE_INFOPLIST_FILE = YES;
				INFOPLIST_KEY_UIApplicationSceneManifest_Generation = YES;
				INFOPLIST_KEY_UIApplicationSupportsIndirectInputEvents = YES;
				INFOPLIST_KEY_UILaunchScreen_Generation = YES;
				INFOPLIST_KEY_UISupportedInterfaceOrientations_iPad = "UIInterfaceOrientationPortrait UIInterfaceOrientationPortraitUpsideDown UIInterfaceOrientationLandscapeLeft UIInterfaceOrientationLandscapeRight";
				INFOPLIST_KEY_UISupportedInterfaceOrientations_iPhone = "UIInterfaceOrientationPortrait UIInterfaceOrientationLandscapeLeft UIInterfaceOrientationLandscapeRight";
				LD_RUNPATH_SEARCH_PATHS = (
					"$(inherited)",
					"@executable_path/Frameworks",
				);
				MARKETING_VERSION = 1.0;
				PRODUCT_BUNDLE_IDENTIFIER = "Kelly-Chui.MC1";
				PRODUCT_NAME = "$(TARGET_NAME)";
				SWIFT_EMIT_LOC_STRINGS = YES;
				SWIFT_VERSION = 5.0;
				TARGETED_DEVICE_FAMILY = "1,2";
			};
			name = Release;
		};
		CF21754627FC5BF500822A56 /* Debug */ = {
			isa = XCBuildConfiguration;
			buildSettings = {
				ALWAYS_EMBED_SWIFT_STANDARD_LIBRARIES = YES;
				BUNDLE_LOADER = "$(TEST_HOST)";
				CODE_SIGN_STYLE = Automatic;
				CURRENT_PROJECT_VERSION = 1;
				DEVELOPMENT_TEAM = X7H2S2S85P;
				GENERATE_INFOPLIST_FILE = YES;
				IPHONEOS_DEPLOYMENT_TARGET = 15.4;
				MARKETING_VERSION = 1.0;
				PRODUCT_BUNDLE_IDENTIFIER = "Kelly-Chui.MC1Tests";
				PRODUCT_NAME = "$(TARGET_NAME)";
				SWIFT_EMIT_LOC_STRINGS = NO;
				SWIFT_VERSION = 5.0;
				TARGETED_DEVICE_FAMILY = "1,2";
				TEST_HOST = "$(BUILT_PRODUCTS_DIR)/MC1.app/MC1";
			};
			name = Debug;
		};
		CF21754727FC5BF500822A56 /* Release */ = {
			isa = XCBuildConfiguration;
			buildSettings = {
				ALWAYS_EMBED_SWIFT_STANDARD_LIBRARIES = YES;
				BUNDLE_LOADER = "$(TEST_HOST)";
				CODE_SIGN_STYLE = Automatic;
				CURRENT_PROJECT_VERSION = 1;
				DEVELOPMENT_TEAM = X7H2S2S85P;
				GENERATE_INFOPLIST_FILE = YES;
				IPHONEOS_DEPLOYMENT_TARGET = 15.4;
				MARKETING_VERSION = 1.0;
				PRODUCT_BUNDLE_IDENTIFIER = "Kelly-Chui.MC1Tests";
				PRODUCT_NAME = "$(TARGET_NAME)";
				SWIFT_EMIT_LOC_STRINGS = NO;
				SWIFT_VERSION = 5.0;
				TARGETED_DEVICE_FAMILY = "1,2";
				TEST_HOST = "$(BUILT_PRODUCTS_DIR)/MC1.app/MC1";
			};
			name = Release;
		};
		CF21754927FC5BF500822A56 /* Debug */ = {
			isa = XCBuildConfiguration;
			buildSettings = {
				ALWAYS_EMBED_SWIFT_STANDARD_LIBRARIES = YES;
				CODE_SIGN_STYLE = Automatic;
				CURRENT_PROJECT_VERSION = 1;
				DEVELOPMENT_TEAM = X7H2S2S85P;
				GENERATE_INFOPLIST_FILE = YES;
				MARKETING_VERSION = 1.0;
				PRODUCT_BUNDLE_IDENTIFIER = "Kelly-Chui.MC1UITests";
				PRODUCT_NAME = "$(TARGET_NAME)";
				SWIFT_EMIT_LOC_STRINGS = NO;
				SWIFT_VERSION = 5.0;
				TARGETED_DEVICE_FAMILY = "1,2";
				TEST_TARGET_NAME = MC1;
			};
			name = Debug;
		};
		CF21754A27FC5BF500822A56 /* Release */ = {
			isa = XCBuildConfiguration;
			buildSettings = {
				ALWAYS_EMBED_SWIFT_STANDARD_LIBRARIES = YES;
				CODE_SIGN_STYLE = Automatic;
				CURRENT_PROJECT_VERSION = 1;
				DEVELOPMENT_TEAM = X7H2S2S85P;
				GENERATE_INFOPLIST_FILE = YES;
				MARKETING_VERSION = 1.0;
				PRODUCT_BUNDLE_IDENTIFIER = "Kelly-Chui.MC1UITests";
				PRODUCT_NAME = "$(TARGET_NAME)";
				SWIFT_EMIT_LOC_STRINGS = NO;
				SWIFT_VERSION = 5.0;
				TARGETED_DEVICE_FAMILY = "1,2";
				TEST_TARGET_NAME = MC1;
			};
			name = Release;
		};
/* End XCBuildConfiguration section */

/* Begin XCConfigurationList section */
		CF21751927FC5BF500822A56 /* Build configuration list for PBXProject "MC1" */ = {
			isa = XCConfigurationList;
			buildConfigurations = (
				CF21754027FC5BF500822A56 /* Debug */,
				CF21754127FC5BF500822A56 /* Release */,
			);
			defaultConfigurationIsVisible = 0;
			defaultConfigurationName = Release;
		};
		CF21754227FC5BF500822A56 /* Build configuration list for PBXNativeTarget "MC1" */ = {
			isa = XCConfigurationList;
			buildConfigurations = (
				CF21754327FC5BF500822A56 /* Debug */,
				CF21754427FC5BF500822A56 /* Release */,
			);
			defaultConfigurationIsVisible = 0;
			defaultConfigurationName = Release;
		};
		CF21754527FC5BF500822A56 /* Build configuration list for PBXNativeTarget "MC1Tests" */ = {
			isa = XCConfigurationList;
			buildConfigurations = (
				CF21754627FC5BF500822A56 /* Debug */,
				CF21754727FC5BF500822A56 /* Release */,
			);
			defaultConfigurationIsVisible = 0;
			defaultConfigurationName = Release;
		};
		CF21754827FC5BF500822A56 /* Build configuration list for PBXNativeTarget "MC1UITests" */ = {
			isa = XCConfigurationList;
			buildConfigurations = (
				CF21754927FC5BF500822A56 /* Debug */,
				CF21754A27FC5BF500822A56 /* Release */,
			);
			defaultConfigurationIsVisible = 0;
			defaultConfigurationName = Release;
		};
/* End XCConfigurationList section */
	};
	rootObject = CF21751627FC5BF500822A56 /* Project object */;
}
